Microsoft Visual Studio Solution File, Format Version 11.00
# Visual Studio 2008

Project("{23B7E6B8-9F19-0F24-BE92-F49F20403EDB}") = "DragonBonesUnity", "Assembly-CSharp-vs.csproj", "{CFB55781-7C78-CD04-55F8-6B743191D5DC}"
EndProject
Global
	GlobalSection(SolutionConfigurationPlatforms) = preSolution
		Debug|Any CPU = Debug|Any CPU
		Release|Any CPU = Release|Any CPU
	EndGlobalSection
	GlobalSection(ProjectConfigurationPlatforms) = postSolution
		{CFB55781-7C78-CD04-55F8-6B743191D5DC}.Debug|Any CPU.ActiveCfg = Debug|Any CPU
		{CFB55781-7C78-CD04-55F8-6B743191D5DC}.Debug|Any CPU.Build.0 = Debug|Any CPU
		{CFB55781-7C78-CD04-55F8-6B743191D5DC}.Release|Any CPU.ActiveCfg = Release|Any CPU
		{CFB55781-7C78-CD04-55F8-6B743191D5DC}.Release|Any CPU.Build.0 = Release|Any CPU
	EndGlobalSection
	GlobalSection(SolutionProperties) = preSolution
		HideSolutionNode = FALSE
	EndGlobalSection
											GlobalSection(MonoDevelopProperties) = preSolution
		StartupItem = Assembly-CSharp.csproj
		Policies = $0
		$0.TextStylePolicy = $1
		$1.inheritsSet = null
		$1.scope = text/x-csharp
		$0.CSharpFormattingPolicy = $2
		$2.inheritsSet = Mono
		$2.inheritsScope = text/x-csharp
		$2.scope = text/x-csharp
		$0.TextStylePolicy = $3
		$3.FileWidth = 120
		$3.TabWidth = 4
		$3.EolMarker = Unix
		$3.inheritsSet = Mono
		$3.inheritsScope = text/plain
		$3.scope = text/plain
	EndGlobalSection

EndGlobal
