Microsoft Visual Studio Solution File, Format Version 11.00
# Visual Studio 2008

Project("{54FEC5BF-0678-B990-2245-7B7BFA36807B}") = "DragonBonesUnityV3", "Assembly-CSharp-vs.csproj", "{444E20F1-C351-2BA5-C28D-4D2AB4CDAFFC}"
EndProject
Global
	GlobalSection(SolutionConfigurationPlatforms) = preSolution
		Debug|Any CPU = Debug|Any CPU
		Release|Any CPU = Release|Any CPU
	EndGlobalSection
	GlobalSection(ProjectConfigurationPlatforms) = postSolution
		{444E20F1-C351-2BA5-C28D-4D2AB4CDAFFC}.Debug|Any CPU.ActiveCfg = Debug|Any CPU
		{444E20F1-C351-2BA5-C28D-4D2AB4CDAFFC}.Debug|Any CPU.Build.0 = Debug|Any CPU
		{444E20F1-C351-2BA5-C28D-4D2AB4CDAFFC}.Release|Any CPU.ActiveCfg = Release|Any CPU
		{444E20F1-C351-2BA5-C28D-4D2AB4CDAFFC}.Release|Any CPU.Build.0 = Release|Any CPU
	EndGlobalSection
	GlobalSection(SolutionProperties) = preSolution
		HideSolutionNode = FALSE
	EndGlobalSection
				GlobalSection(MonoDevelopProperties) = preSolution
		StartupItem = Assembly-CSharp.csproj
		Policies = $0
		$0.TextStylePolicy = $1
		$1.inheritsSet = null
		$1.scope = text/x-csharp
		$0.CSharpFormattingPolicy = $2
		$2.inheritsSet = Mono
		$2.inheritsScope = text/x-csharp
		$2.scope = text/x-csharp
		$0.TextStylePolicy = $3
		$3.FileWidth = 120
		$3.TabWidth = 4
		$3.EolMarker = Unix
		$3.inheritsSet = Mono
		$3.inheritsScope = text/plain
		$3.scope = text/plain
	EndGlobalSection

EndGlobal
