
Microsoft Visual Studio Solution File, Format Version 12.00
# Visual Studio 2015
Project("{FAE04EC0-301F-11D3-BF4B-00C04F79EFBC}") = "DragonBonesUnityV3.CSharp", "DragonBonesUnityV3.CSharp.csproj", "{140E9608-E130-C131-D3EC-5A34B25955D5}"
EndProject
Global
	GlobalSection(SolutionConfigurationPlatforms) = preSolution
		Debug|Any CPU = Debug|Any CPU
		Release|Any CPU = Release|Any CPU
	EndGlobalSection
	GlobalSection(ProjectConfigurationPlatforms) = postSolution
		{140E9608-E130-C131-D3EC-5A34B25955D5}.Debug|Any CPU.ActiveCfg = Debug|Any CPU
		{140E9608-E130-C131-D3EC-5A34B25955D5}.Debug|Any CPU.Build.0 = Debug|Any CPU
		{140E9608-E130-C131-D3EC-5A34B25955D5}.Release|Any CPU.ActiveCfg = Release|Any CPU
		{140E9608-E130-C131-D3EC-5A34B25955D5}.Release|Any CPU.Build.0 = Release|Any CPU
	EndGlobalSection
	GlobalSection(SolutionProperties) = preSolution
		HideSolutionNode = FALSE
	EndGlobalSection
EndGlobal
